// !$*UTF8*$!
{
	archiveVersion = 1;
	classes = {
	};
	objectVersion = 56;
	objects = {

/* Begin PBXBuildFile section */
		54E0CF842C4F8FB4006FE8C6 /* DeviceUtility.swift in Sources */ = {isa = PBXBuildFile; fileRef = 54E0CF832C4F8FB4006FE8C6 /* DeviceUtility.swift */; };
		848A15A22C4EAD0500F2EE56 /* ProductCVCell.swift in Sources */ = {isa = PBXBuildFile; fileRef = 848A159F2C4EAD0400F2EE56 /* ProductCVCell.swift */; };
		848A15A32C4EAD0500F2EE56 /* BigImageCVCell.xib in Resources */ = {isa = PBXBuildFile; fileRef = 848A15A02C4EAD0500F2EE56 /* BigImageCVCell.xib */; };
		848A15A42C4EAD0500F2EE56 /* ProductCVCell.xib in Resources */ = {isa = PBXBuildFile; fileRef = 848A15A12C4EAD0500F2EE56 /* ProductCVCell.xib */; };
		848A15A62C4EAD0E00F2EE56 /* BigImageCVCell.swift in Sources */ = {isa = PBXBuildFile; fileRef = 848A15A52C4EAD0E00F2EE56 /* BigImageCVCell.swift */; };
		848A15A92C4EF7B200F2EE56 /* OfferTVCell.swift in Sources */ = {isa = PBXBuildFile; fileRef = 848A15A72C4EF7B200F2EE56 /* OfferTVCell.swift */; };
		848A15AA2C4EF7B200F2EE56 /* OfferTVCell.xib in Resources */ = {isa = PBXBuildFile; fileRef = 848A15A82C4EF7B200F2EE56 /* OfferTVCell.xib */; };
		848A15AC2C4EFBB000F2EE56 /* UITableView.swift in Sources */ = {isa = PBXBuildFile; fileRef = 848A15AB2C4EFBB000F2EE56 /* UITableView.swift */; };
		848A15B62C4F040000F2EE56 /* ListProductView.swift in Sources */ = {isa = PBXBuildFile; fileRef = 848A15B52C4F040000F2EE56 /* ListProductView.swift */; };
		848A15B82C4F041500F2EE56 /* ListProductView.xib in Resources */ = {isa = PBXBuildFile; fileRef = 848A15B72C4F041500F2EE56 /* ListProductView.xib */; };
		84CCF2112C4E73FC007415B7 /* AppDelegate.swift in Sources */ = {isa = PBXBuildFile; fileRef = 84CCF2102C4E73FC007415B7 /* AppDelegate.swift */; };
		84CCF21A2C4E73FF007415B7 /* Assets.xcassets in Resources */ = {isa = PBXBuildFile; fileRef = 84CCF2192C4E73FF007415B7 /* Assets.xcassets */; };
		84CCF21D2C4E73FF007415B7 /* LaunchScreen.storyboard in Resources */ = {isa = PBXBuildFile; fileRef = 84CCF21B2C4E73FF007415B7 /* LaunchScreen.storyboard */; };
		84CCF22E2C4E76C6007415B7 /* BaseVC.swift in Sources */ = {isa = PBXBuildFile; fileRef = 84CCF22A2C4E76C6007415B7 /* BaseVC.swift */; };
		84CCF22F2C4E76C6007415B7 /* BaseViewModel.swift in Sources */ = {isa = PBXBuildFile; fileRef = 84CCF22B2C4E76C6007415B7 /* BaseViewModel.swift */; };
		84CCF2302C4E76C6007415B7 /* BaseNaviController.swift in Sources */ = {isa = PBXBuildFile; fileRef = 84CCF22C2C4E76C6007415B7 /* BaseNaviController.swift */; };
		84CCF2342C4E7776007415B7 /* Logger.swift in Sources */ = {isa = PBXBuildFile; fileRef = 84CCF2332C4E7776007415B7 /* Logger.swift */; };
		84CCF2372C4E77D5007415B7 /* NSObject.swift in Sources */ = {isa = PBXBuildFile; fileRef = 84CCF2362C4E77D5007415B7 /* NSObject.swift */; };
		84CCF23D2C4E787A007415B7 /* DetailProductViewModel.swift in Sources */ = {isa = PBXBuildFile; fileRef = 84CCF23A2C4E787A007415B7 /* DetailProductViewModel.swift */; };
		84CCF23E2C4E787A007415B7 /* DetailProductVC.xib in Resources */ = {isa = PBXBuildFile; fileRef = 84CCF23B2C4E787A007415B7 /* DetailProductVC.xib */; };
		84CCF23F2C4E787A007415B7 /* DetailProductVC.swift in Sources */ = {isa = PBXBuildFile; fileRef = 84CCF23C2C4E787A007415B7 /* DetailProductVC.swift */; };
		84CCF2412C4E7D50007415B7 /* ShowMoreView.swift in Sources */ = {isa = PBXBuildFile; fileRef = 84CCF2402C4E7D50007415B7 /* ShowMoreView.swift */; };
		84CCF2432C4E7D76007415B7 /* ShowMoreView.xib in Resources */ = {isa = PBXBuildFile; fileRef = 84CCF2422C4E7D76007415B7 /* ShowMoreView.xib */; };
		84CCF24A2C4E89FA007415B7 /* UIView.swift in Sources */ = {isa = PBXBuildFile; fileRef = 84CCF2492C4E89FA007415B7 /* UIView.swift */; };
		84CCF24C2C4E8F12007415B7 /* ProductImageView.swift in Sources */ = {isa = PBXBuildFile; fileRef = 84CCF24B2C4E8F12007415B7 /* ProductImageView.swift */; };
		84CCF24E2C4E8F21007415B7 /* ProductImageView.xib in Resources */ = {isa = PBXBuildFile; fileRef = 84CCF24D2C4E8F21007415B7 /* ProductImageView.xib */; };
		84CCF2532C4E9623007415B7 /* ImageCVCell.swift in Sources */ = {isa = PBXBuildFile; fileRef = 84CCF2512C4E9623007415B7 /* ImageCVCell.swift */; };
		84CCF2542C4E9623007415B7 /* ImageCVCell.xib in Resources */ = {isa = PBXBuildFile; fileRef = 84CCF2522C4E9623007415B7 /* ImageCVCell.xib */; };
		84CCF2562C4E97EE007415B7 /* UICollectionView.swift in Sources */ = {isa = PBXBuildFile; fileRef = 84CCF2552C4E97EE007415B7 /* UICollectionView.swift */; };
/* End PBXBuildFile section */

/* Begin PBXFileReference section */
		54E0CF832C4F8FB4006FE8C6 /* DeviceUtility.swift */ = {isa = PBXFileReference; lastKnownFileType = sourcecode.swift; path = DeviceUtility.swift; sourceTree = "<group>"; };
		848A159F2C4EAD0400F2EE56 /* ProductCVCell.swift */ = {isa = PBXFileReference; fileEncoding = 4; lastKnownFileType = sourcecode.swift; path = ProductCVCell.swift; sourceTree = "<group>"; };
		848A15A02C4EAD0500F2EE56 /* BigImageCVCell.xib */ = {isa = PBXFileReference; fileEncoding = 4; lastKnownFileType = file.xib; path = BigImageCVCell.xib; sourceTree = "<group>"; };
		848A15A12C4EAD0500F2EE56 /* ProductCVCell.xib */ = {isa = PBXFileReference; fileEncoding = 4; lastKnownFileType = file.xib; path = ProductCVCell.xib; sourceTree = "<group>"; };
		848A15A52C4EAD0E00F2EE56 /* BigImageCVCell.swift */ = {isa = PBXFileReference; fileEncoding = 4; lastKnownFileType = sourcecode.swift; path = BigImageCVCell.swift; sourceTree = "<group>"; };
		848A15A72C4EF7B200F2EE56 /* OfferTVCell.swift */ = {isa = PBXFileReference; lastKnownFileType = sourcecode.swift; path = OfferTVCell.swift; sourceTree = "<group>"; };
		848A15A82C4EF7B200F2EE56 /* OfferTVCell.xib */ = {isa = PBXFileReference; lastKnownFileType = file.xib; path = OfferTVCell.xib; sourceTree = "<group>"; };
		848A15AB2C4EFBB000F2EE56 /* UITableView.swift */ = {isa = PBXFileReference; lastKnownFileType = sourcecode.swift; path = UITableView.swift; sourceTree = "<group>"; };
		848A15B52C4F040000F2EE56 /* ListProductView.swift */ = {isa = PBXFileReference; lastKnownFileType = sourcecode.swift; path = ListProductView.swift; sourceTree = "<group>"; };
		848A15B72C4F041500F2EE56 /* ListProductView.xib */ = {isa = PBXFileReference; lastKnownFileType = file.xib; path = ListProductView.xib; sourceTree = "<group>"; };
		84CCF20D2C4E73FC007415B7 /* TEST_APP.app */ = {isa = PBXFileReference; explicitFileType = wrapper.application; includeInIndex = 0; path = TEST_APP.app; sourceTree = BUILT_PRODUCTS_DIR; };
		84CCF2102C4E73FC007415B7 /* AppDelegate.swift */ = {isa = PBXFileReference; lastKnownFileType = sourcecode.swift; path = AppDelegate.swift; sourceTree = "<group>"; };
		84CCF2192C4E73FF007415B7 /* Assets.xcassets */ = {isa = PBXFileReference; lastKnownFileType = folder.assetcatalog; path = Assets.xcassets; sourceTree = "<group>"; };
		84CCF21C2C4E73FF007415B7 /* Base */ = {isa = PBXFileReference; lastKnownFileType = file.storyboard; name = Base; path = Base.lproj/LaunchScreen.storyboard; sourceTree = "<group>"; };
		84CCF21E2C4E73FF007415B7 /* Info.plist */ = {isa = PBXFileReference; lastKnownFileType = text.plist.xml; path = Info.plist; sourceTree = "<group>"; };
		84CCF22A2C4E76C6007415B7 /* BaseVC.swift */ = {isa = PBXFileReference; fileEncoding = 4; lastKnownFileType = sourcecode.swift; path = BaseVC.swift; sourceTree = "<group>"; };
		84CCF22B2C4E76C6007415B7 /* BaseViewModel.swift */ = {isa = PBXFileReference; fileEncoding = 4; lastKnownFileType = sourcecode.swift; path = BaseViewModel.swift; sourceTree = "<group>"; };
		84CCF22C2C4E76C6007415B7 /* BaseNaviController.swift */ = {isa = PBXFileReference; fileEncoding = 4; lastKnownFileType = sourcecode.swift; path = BaseNaviController.swift; sourceTree = "<group>"; };
		84CCF2332C4E7776007415B7 /* Logger.swift */ = {isa = PBXFileReference; lastKnownFileType = sourcecode.swift; path = Logger.swift; sourceTree = "<group>"; };
		84CCF2362C4E77D5007415B7 /* NSObject.swift */ = {isa = PBXFileReference; lastKnownFileType = sourcecode.swift; path = NSObject.swift; sourceTree = "<group>"; };
		84CCF23A2C4E787A007415B7 /* DetailProductViewModel.swift */ = {isa = PBXFileReference; fileEncoding = 4; lastKnownFileType = sourcecode.swift; path = DetailProductViewModel.swift; sourceTree = "<group>"; };
		84CCF23B2C4E787A007415B7 /* DetailProductVC.xib */ = {isa = PBXFileReference; fileEncoding = 4; lastKnownFileType = file.xib; path = DetailProductVC.xib; sourceTree = "<group>"; };
		84CCF23C2C4E787A007415B7 /* DetailProductVC.swift */ = {isa = PBXFileReference; fileEncoding = 4; lastKnownFileType = sourcecode.swift; path = DetailProductVC.swift; sourceTree = "<group>"; };
		84CCF2402C4E7D50007415B7 /* ShowMoreView.swift */ = {isa = PBXFileReference; lastKnownFileType = sourcecode.swift; path = ShowMoreView.swift; sourceTree = "<group>"; };
		84CCF2422C4E7D76007415B7 /* ShowMoreView.xib */ = {isa = PBXFileReference; lastKnownFileType = file.xib; path = ShowMoreView.xib; sourceTree = "<group>"; };
		84CCF2492C4E89FA007415B7 /* UIView.swift */ = {isa = PBXFileReference; lastKnownFileType = sourcecode.swift; path = UIView.swift; sourceTree = "<group>"; };
		84CCF24B2C4E8F12007415B7 /* ProductImageView.swift */ = {isa = PBXFileReference; lastKnownFileType = sourcecode.swift; path = ProductImageView.swift; sourceTree = "<group>"; };
		84CCF24D2C4E8F21007415B7 /* ProductImageView.xib */ = {isa = PBXFileReference; lastKnownFileType = file.xib; path = ProductImageView.xib; sourceTree = "<group>"; };
		84CCF2512C4E9623007415B7 /* ImageCVCell.swift */ = {isa = PBXFileReference; fileEncoding = 4; lastKnownFileType = sourcecode.swift; path = ImageCVCell.swift; sourceTree = "<group>"; };
		84CCF2522C4E9623007415B7 /* ImageCVCell.xib */ = {isa = PBXFileReference; fileEncoding = 4; lastKnownFileType = file.xib; path = ImageCVCell.xib; sourceTree = "<group>"; };
		84CCF2552C4E97EE007415B7 /* UICollectionView.swift */ = {isa = PBXFileReference; lastKnownFileType = sourcecode.swift; path = UICollectionView.swift; sourceTree = "<group>"; };
/* End PBXFileReference section */

/* Begin PBXFrameworksBuildPhase section */
		84CCF20A2C4E73FC007415B7 /* Frameworks */ = {
			isa = PBXFrameworksBuildPhase;
			buildActionMask = 2147483647;
			files = (
			);
			runOnlyForDeploymentPostprocessing = 0;
		};
/* End PBXFrameworksBuildPhase section */

/* Begin PBXGroup section */
		84CCF2042C4E73FC007415B7 = {
			isa = PBXGroup;
			children = (
				84CCF20F2C4E73FC007415B7 /* TEST_APP */,
				84CCF20E2C4E73FC007415B7 /* Products */,
			);
			sourceTree = "<group>";
		};
		84CCF20E2C4E73FC007415B7 /* Products */ = {
			isa = PBXGroup;
			children = (
				84CCF20D2C4E73FC007415B7 /* TEST_APP.app */,
			);
			name = Products;
			sourceTree = "<group>";
		};
		84CCF20F2C4E73FC007415B7 /* TEST_APP */ = {
			isa = PBXGroup;
			children = (
				84CCF2382C4E7807007415B7 /* Screens */,
				84CCF2352C4E77C4007415B7 /* Extention */,
				84CCF2322C4E7765007415B7 /* Common */,
				84CCF2292C4E76C6007415B7 /* Base */,
				84CCF2102C4E73FC007415B7 /* AppDelegate.swift */,
				84CCF2192C4E73FF007415B7 /* Assets.xcassets */,
				84CCF21B2C4E73FF007415B7 /* LaunchScreen.storyboard */,
				84CCF21E2C4E73FF007415B7 /* Info.plist */,
			);
			path = TEST_APP;
			sourceTree = "<group>";
		};
		84CCF2292C4E76C6007415B7 /* Base */ = {
			isa = PBXGroup;
			children = (
				84CCF22A2C4E76C6007415B7 /* BaseVC.swift */,
				84CCF22B2C4E76C6007415B7 /* BaseViewModel.swift */,
				84CCF22C2C4E76C6007415B7 /* BaseNaviController.swift */,
			);
			path = Base;
			sourceTree = "<group>";
		};
		84CCF2322C4E7765007415B7 /* Common */ = {
			isa = PBXGroup;
			children = (
				84CCF2332C4E7776007415B7 /* Logger.swift */,
				54E0CF832C4F8FB4006FE8C6 /* DeviceUtility.swift */,
			);
			path = Common;
			sourceTree = "<group>";
		};
		84CCF2352C4E77C4007415B7 /* Extention */ = {
			isa = PBXGroup;
			children = (
				84CCF2362C4E77D5007415B7 /* NSObject.swift */,
				84CCF2492C4E89FA007415B7 /* UIView.swift */,
				84CCF2552C4E97EE007415B7 /* UICollectionView.swift */,
				848A15AB2C4EFBB000F2EE56 /* UITableView.swift */,
			);
			path = Extention;
			sourceTree = "<group>";
		};
		84CCF2382C4E7807007415B7 /* Screens */ = {
			isa = PBXGroup;
			children = (
				84CCF2392C4E787A007415B7 /* Detail */,
			);
			path = Screens;
			sourceTree = "<group>";
		};
		84CCF2392C4E787A007415B7 /* Detail */ = {
			isa = PBXGroup;
			children = (
				84CCF2502C4E9623007415B7 /* Cell */,
				84CCF2442C4E8137007415B7 /* CustomFile */,
				84CCF23A2C4E787A007415B7 /* DetailProductViewModel.swift */,
				84CCF23B2C4E787A007415B7 /* DetailProductVC.xib */,
				84CCF23C2C4E787A007415B7 /* DetailProductVC.swift */,
			);
			path = Detail;
			sourceTree = "<group>";
		};
		84CCF2442C4E8137007415B7 /* CustomFile */ = {
			isa = PBXGroup;
			children = (
				84CCF2402C4E7D50007415B7 /* ShowMoreView.swift */,
				84CCF2422C4E7D76007415B7 /* ShowMoreView.xib */,
				84CCF24B2C4E8F12007415B7 /* ProductImageView.swift */,
				84CCF24D2C4E8F21007415B7 /* ProductImageView.xib */,
				848A15B52C4F040000F2EE56 /* ListProductView.swift */,
				848A15B72C4F041500F2EE56 /* ListProductView.xib */,
			);
			path = CustomFile;
			sourceTree = "<group>";
		};
		84CCF2502C4E9623007415B7 /* Cell */ = {
			isa = PBXGroup;
			children = (
				848A15A52C4EAD0E00F2EE56 /* BigImageCVCell.swift */,
				848A15A02C4EAD0500F2EE56 /* BigImageCVCell.xib */,
				848A159F2C4EAD0400F2EE56 /* ProductCVCell.swift */,
				848A15A12C4EAD0500F2EE56 /* ProductCVCell.xib */,
				84CCF2512C4E9623007415B7 /* ImageCVCell.swift */,
				84CCF2522C4E9623007415B7 /* ImageCVCell.xib */,
				848A15A72C4EF7B200F2EE56 /* OfferTVCell.swift */,
				848A15A82C4EF7B200F2EE56 /* OfferTVCell.xib */,
			);
			path = Cell;
			sourceTree = "<group>";
		};
/* End PBXGroup section */

/* Begin PBXNativeTarget section */
		84CCF20C2C4E73FC007415B7 /* TEST_APP */ = {
			isa = PBXNativeTarget;
			buildConfigurationList = 84CCF2212C4E73FF007415B7 /* Build configuration list for PBXNativeTarget "TEST_APP" */;
			buildPhases = (
				84CCF2092C4E73FC007415B7 /* Sources */,
				84CCF20A2C4E73FC007415B7 /* Frameworks */,
				84CCF20B2C4E73FC007415B7 /* Resources */,
			);
			buildRules = (
			);
			dependencies = (
			);
			name = TEST_APP;
			productName = TEST_APP;
			productReference = 84CCF20D2C4E73FC007415B7 /* TEST_APP.app */;
			productType = "com.apple.product-type.application";
		};
/* End PBXNativeTarget section */

/* Begin PBXProject section */
		84CCF2052C4E73FC007415B7 /* Project object */ = {
			isa = PBXProject;
			attributes = {
				BuildIndependentTargetsInParallel = 1;
				LastSwiftUpdateCheck = 1520;
				LastUpgradeCheck = 1520;
				TargetAttributes = {
					84CCF20C2C4E73FC007415B7 = {
						CreatedOnToolsVersion = 15.2;
					};
				};
			};
			buildConfigurationList = 84CCF2082C4E73FC007415B7 /* Build configuration list for PBXProject "TEST_APP" */;
			compatibilityVersion = "Xcode 14.0";
			developmentRegion = en;
			hasScannedForEncodings = 0;
			knownRegions = (
				en,
				Base,
			);
			mainGroup = 84CCF2042C4E73FC007415B7;
			productRefGroup = 84CCF20E2C4E73FC007415B7 /* Products */;
			projectDirPath = "";
			projectRoot = "";
			targets = (
				84CCF20C2C4E73FC007415B7 /* TEST_APP */,
			);
		};
/* End PBXProject section */

/* Begin PBXResourcesBuildPhase section */
		84CCF20B2C4E73FC007415B7 /* Resources */ = {
			isa = PBXResourcesBuildPhase;
			buildActionMask = 2147483647;
			files = (
				848A15AA2C4EF7B200F2EE56 /* OfferTVCell.xib in Resources */,
				84CCF24E2C4E8F21007415B7 /* ProductImageView.xib in Resources */,
				848A15A32C4EAD0500F2EE56 /* BigImageCVCell.xib in Resources */,
				84CCF23E2C4E787A007415B7 /* DetailProductVC.xib in Resources */,
				84CCF2542C4E9623007415B7 /* ImageCVCell.xib in Resources */,
				84CCF21D2C4E73FF007415B7 /* LaunchScreen.storyboard in Resources */,
				84CCF21A2C4E73FF007415B7 /* Assets.xcassets in Resources */,
				848A15B82C4F041500F2EE56 /* ListProductView.xib in Resources */,
				848A15A42C4EAD0500F2EE56 /* ProductCVCell.xib in Resources */,
				84CCF2432C4E7D76007415B7 /* ShowMoreView.xib in Resources */,
			);
			runOnlyForDeploymentPostprocessing = 0;
		};
/* End PBXResourcesBuildPhase section */

/* Begin PBXSourcesBuildPhase section */
		84CCF2092C4E73FC007415B7 /* Sources */ = {
			isa = PBXSourcesBuildPhase;
			buildActionMask = 2147483647;
			files = (
				84CCF2372C4E77D5007415B7 /* NSObject.swift in Sources */,
				848A15AC2C4EFBB000F2EE56 /* UITableView.swift in Sources */,
				54E0CF842C4F8FB4006FE8C6 /* DeviceUtility.swift in Sources */,
				84CCF22F2C4E76C6007415B7 /* BaseViewModel.swift in Sources */,
				84CCF2562C4E97EE007415B7 /* UICollectionView.swift in Sources */,
				84CCF24A2C4E89FA007415B7 /* UIView.swift in Sources */,
				84CCF2302C4E76C6007415B7 /* BaseNaviController.swift in Sources */,
				84CCF23D2C4E787A007415B7 /* DetailProductViewModel.swift in Sources */,
				84CCF2112C4E73FC007415B7 /* AppDelegate.swift in Sources */,
				84CCF2412C4E7D50007415B7 /* ShowMoreView.swift in Sources */,
				84CCF2342C4E7776007415B7 /* Logger.swift in Sources */,
				84CCF24C2C4E8F12007415B7 /* ProductImageView.swift in Sources */,
				84CCF2532C4E9623007415B7 /* ImageCVCell.swift in Sources */,
				84CCF23F2C4E787A007415B7 /* DetailProductVC.swift in Sources */,
				848A15A62C4EAD0E00F2EE56 /* BigImageCVCell.swift in Sources */,
				848A15B62C4F040000F2EE56 /* ListProductView.swift in Sources */,
				84CCF22E2C4E76C6007415B7 /* BaseVC.swift in Sources */,
				848A15A92C4EF7B200F2EE56 /* OfferTVCell.swift in Sources */,
				848A15A22C4EAD0500F2EE56 /* ProductCVCell.swift in Sources */,
			);
			runOnlyForDeploymentPostprocessing = 0;
		};
/* End PBXSourcesBuildPhase section */

/* Begin PBXVariantGroup section */
		84CCF21B2C4E73FF007415B7 /* LaunchScreen.storyboard */ = {
			isa = PBXVariantGroup;
			children = (
				84CCF21C2C4E73FF007415B7 /* Base */,
			);
			name = LaunchScreen.storyboard;
			sourceTree = "<group>";
		};
/* End PBXVariantGroup section */

/* Begin XCBuildConfiguration section */
		84CCF21F2C4E73FF007415B7 /* Debug */ = {
			isa = XCBuildConfiguration;
			buildSettings = {
				ALWAYS_SEARCH_USER_PATHS = NO;
				ASSETCATALOG_COMPILER_GENERATE_SWIFT_ASSET_SYMBOL_EXTENSIONS = YES;
				CLANG_ANALYZER_NONNULL = YES;
				CLANG_ANALYZER_NUMBER_OBJECT_CONVERSION = YES_AGGRESSIVE;
				CLANG_CXX_LANGUAGE_STANDARD = "gnu++20";
				CLANG_ENABLE_MODULES = YES;
				CLANG_ENABLE_OBJC_ARC = YES;
				CLANG_ENABLE_OBJC_WEAK = YES;
				CLANG_WARN_BLOCK_CAPTURE_AUTORELEASING = YES;
				CLANG_WARN_BOOL_CONVERSION = YES;
				CLANG_WARN_COMMA = YES;
				CLANG_WARN_CONSTANT_CONVERSION = YES;
				CLANG_WARN_DEPRECATED_OBJC_IMPLEMENTATIONS = YES;
				CLANG_WARN_DIRECT_OBJC_ISA_USAGE = YES_ERROR;
				CLANG_WARN_DOCUMENTATION_COMMENTS = YES;
				CLANG_WARN_EMPTY_BODY = YES;
				CLANG_WARN_ENUM_CONVERSION = YES;
				CLANG_WARN_INFINITE_RECURSION = YES;
				CLANG_WARN_INT_CONVERSION = YES;
				CLANG_WARN_NON_LITERAL_NULL_CONVERSION = YES;
				CLANG_WARN_OBJC_IMPLICIT_RETAIN_SELF = YES;
				CLANG_WARN_OBJC_LITERAL_CONVERSION = YES;
				CLANG_WARN_OBJC_ROOT_CLASS = YES_ERROR;
				CLANG_WARN_QUOTED_INCLUDE_IN_FRAMEWORK_HEADER = YES;
				CLANG_WARN_RANGE_LOOP_ANALYSIS = YES;
				CLANG_WARN_STRICT_PROTOTYPES = YES;
				CLANG_WARN_SUSPICIOUS_MOVE = YES;
				CLANG_WARN_UNGUARDED_AVAILABILITY = YES_AGGRESSIVE;
				CLANG_WARN_UNREACHABLE_CODE = YES;
				CLANG_WARN__DUPLICATE_METHOD_MATCH = YES;
				COPY_PHASE_STRIP = NO;
				DEBUG_INFORMATION_FORMAT = dwarf;
				ENABLE_STRICT_OBJC_MSGSEND = YES;
				ENABLE_TESTABILITY = YES;
				ENABLE_USER_SCRIPT_SANDBOXING = YES;
				GCC_C_LANGUAGE_STANDARD = gnu17;
				GCC_DYNAMIC_NO_PIC = NO;
				GCC_NO_COMMON_BLOCKS = YES;
				GCC_OPTIMIZATION_LEVEL = 0;
				GCC_PREPROCESSOR_DEFINITIONS = (
					"DEBUG=1",
					"$(inherited)",
				);
				GCC_WARN_64_TO_32_BIT_CONVERSION = YES;
				GCC_WARN_ABOUT_RETURN_TYPE = YES_ERROR;
				GCC_WARN_UNDECLARED_SELECTOR = YES;
				GCC_WARN_UNINITIALIZED_AUTOS = YES_AGGRESSIVE;
				GCC_WARN_UNUSED_FUNCTION = YES;
				GCC_WARN_UNUSED_VARIABLE = YES;
				IPHONEOS_DEPLOYMENT_TARGET = 17.2;
				LOCALIZATION_PREFERS_STRING_CATALOGS = YES;
				MTL_ENABLE_DEBUG_INFO = INCLUDE_SOURCE;
				MTL_FAST_MATH = YES;
				ONLY_ACTIVE_ARCH = YES;
				SDKROOT = iphoneos;
				SWIFT_ACTIVE_COMPILATION_CONDITIONS = "DEBUG $(inherited)";
				SWIFT_OPTIMIZATION_LEVEL = "-Onone";
			};
			name = Debug;
		};
		84CCF2202C4E73FF007415B7 /* Release */ = {
			isa = XCBuildConfiguration;
			buildSettings = {
				ALWAYS_SEARCH_USER_PATHS = NO;
				ASSETCATALOG_COMPILER_GENERATE_SWIFT_ASSET_SYMBOL_EXTENSIONS = YES;
				CLANG_ANALYZER_NONNULL = YES;
				CLANG_ANALYZER_NUMBER_OBJECT_CONVERSION = YES_AGGRESSIVE;
				CLANG_CXX_LANGUAGE_STANDARD = "gnu++20";
				CLANG_ENABLE_MODULES = YES;
				CLANG_ENABLE_OBJC_ARC = YES;
				CLANG_ENABLE_OBJC_WEAK = YES;
				CLANG_WARN_BLOCK_CAPTURE_AUTORELEASING = YES;
				CLANG_WARN_BOOL_CONVERSION = YES;
				CLANG_WARN_COMMA = YES;
				CLANG_WARN_CONSTANT_CONVERSION = YES;
				CLANG_WARN_DEPRECATED_OBJC_IMPLEMENTATIONS = YES;
				CLANG_WARN_DIRECT_OBJC_ISA_USAGE = YES_ERROR;
				CLANG_WARN_DOCUMENTATION_COMMENTS = YES;
				CLANG_WARN_EMPTY_BODY = YES;
				CLANG_WARN_ENUM_CONVERSION = YES;
				CLANG_WARN_INFINITE_RECURSION = YES;
				CLANG_WARN_INT_CONVERSION = YES;
				CLANG_WARN_NON_LITERAL_NULL_CONVERSION = YES;
				CLANG_WARN_OBJC_IMPLICIT_RETAIN_SELF = YES;
				CLANG_WARN_OBJC_LITERAL_CONVERSION = YES;
				CLANG_WARN_OBJC_ROOT_CLASS = YES_ERROR;
				CLANG_WARN_QUOTED_INCLUDE_IN_FRAMEWORK_HEADER = YES;
				CLANG_WARN_RANGE_LOOP_ANALYSIS = YES;
				CLANG_WARN_STRICT_PROTOTYPES = YES;
				CLANG_WARN_SUSPICIOUS_MOVE = YES;
				CLANG_WARN_UNGUARDED_AVAILABILITY = YES_AGGRESSIVE;
				CLANG_WARN_UNREACHABLE_CODE = YES;
				CLANG_WARN__DUPLICATE_METHOD_MATCH = YES;
				COPY_PHASE_STRIP = NO;
				DEBUG_INFORMATION_FORMAT = "dwarf-with-dsym";
				ENABLE_NS_ASSERTIONS = NO;
				ENABLE_STRICT_OBJC_MSGSEND = YES;
				ENABLE_USER_SCRIPT_SANDBOXING = YES;
				GCC_C_LANGUAGE_STANDARD = gnu17;
				GCC_NO_COMMON_BLOCKS = YES;
				GCC_WARN_64_TO_32_BIT_CONVERSION = YES;
				GCC_WARN_ABOUT_RETURN_TYPE = YES_ERROR;
				GCC_WARN_UNDECLARED_SELECTOR = YES;
				GCC_WARN_UNINITIALIZED_AUTOS = YES_AGGRESSIVE;
				GCC_WARN_UNUSED_FUNCTION = YES;
				GCC_WARN_UNUSED_VARIABLE = YES;
				IPHONEOS_DEPLOYMENT_TARGET = 17.2;
				LOCALIZATION_PREFERS_STRING_CATALOGS = YES;
				MTL_ENABLE_DEBUG_INFO = NO;
				MTL_FAST_MATH = YES;
				SDKROOT = iphoneos;
				SWIFT_COMPILATION_MODE = wholemodule;
				VALIDATE_PRODUCT = YES;
			};
			name = Release;
		};
		84CCF2222C4E73FF007415B7 /* Debug */ = {
			isa = XCBuildConfiguration;
			buildSettings = {
				ASSETCATALOG_COMPILER_APPICON_NAME = AppIcon;
				ASSETCATALOG_COMPILER_GLOBAL_ACCENT_COLOR_NAME = AccentColor;
				CODE_SIGN_STYLE = Automatic;
				CURRENT_PROJECT_VERSION = 1;
				DEVELOPMENT_TEAM = 4Z9K5U435N;
				GENERATE_INFOPLIST_FILE = YES;
				INFOPLIST_FILE = TEST_APP/Info.plist;
				INFOPLIST_KEY_UIApplicationSupportsIndirectInputEvents = YES;
				INFOPLIST_KEY_UILaunchStoryboardName = LaunchScreen;
				INFOPLIST_KEY_UIMainStoryboardFile = "";
				INFOPLIST_KEY_UISupportedInterfaceOrientations_iPad = "UIInterfaceOrientationPortrait UIInterfaceOrientationPortraitUpsideDown UIInterfaceOrientationLandscapeLeft UIInterfaceOrientationLandscapeRight";
				INFOPLIST_KEY_UISupportedInterfaceOrientations_iPhone = "UIInterfaceOrientationPortrait UIInterfaceOrientationLandscapeLeft UIInterfaceOrientationLandscapeRight";
				IPHONEOS_DEPLOYMENT_TARGET = 15.0;
				LD_RUNPATH_SEARCH_PATHS = (
					"$(inherited)",
					"@executable_path/Frameworks",
				);
				MARKETING_VERSION = 1.0;
				PRODUCT_BUNDLE_IDENTIFIER = "APP.TEST-APP";
				PRODUCT_NAME = "$(TARGET_NAME)";
				SWIFT_EMIT_LOC_STRINGS = YES;
				SWIFT_VERSION = 5.0;
				TARGETED_DEVICE_FAMILY = "1,2";
			};
			name = Debug;
		};
		84CCF2232C4E73FF007415B7 /* Release */ = {
			isa = XCBuildConfiguration;
			buildSettings = {
				ASSETCATALOG_COMPILER_APPICON_NAME = AppIcon;
				ASSETCATALOG_COMPILER_GLOBAL_ACCENT_COLOR_NAME = AccentColor;
				CODE_SIGN_STYLE = Automatic;
				CURRENT_PROJECT_VERSION = 1;
				DEVELOPMENT_TEAM = 4Z9K5U435N;
				GENERATE_INFOPLIST_FILE = YES;
				INFOPLIST_FILE = TEST_APP/Info.plist;
				INFOPLIST_KEY_UIApplicationSupportsIndirectInputEvents = YES;
				INFOPLIST_KEY_UILaunchStoryboardName = LaunchScreen;
				INFOPLIST_KEY_UIMainStoryboardFile = "";
				INFOPLIST_KEY_UISupportedInterfaceOrientations_iPad = "UIInterfaceOrientationPortrait UIInterfaceOrientationPortraitUpsideDown UIInterfaceOrientationLandscapeLeft UIInterfaceOrientationLandscapeRight";
				INFOPLIST_KEY_UISupportedInterfaceOrientations_iPhone = "UIInterfaceOrientationPortrait UIInterfaceOrientationLandscapeLeft UIInterfaceOrientationLandscapeRight";
				IPHONEOS_DEPLOYMENT_TARGET = 15.0;
				LD_RUNPATH_SEARCH_PATHS = (
					"$(inherited)",
					"@executable_path/Frameworks",
				);
				MARKETING_VERSION = 1.0;
				PRODUCT_BUNDLE_IDENTIFIER = "APP.TEST-APP";
				PRODUCT_NAME = "$(TARGET_NAME)";
				SWIFT_EMIT_LOC_STRINGS = YES;
				SWIFT_VERSION = 5.0;
				TARGETED_DEVICE_FAMILY = "1,2";
			};
			name = Release;
		};
/* End XCBuildConfiguration section */

/* Begin XCConfigurationList section */
		84CCF2082C4E73FC007415B7 /* Build configuration list for PBXProject "TEST_APP" */ = {
			isa = XCConfigurationList;
			buildConfigurations = (
				84CCF21F2C4E73FF007415B7 /* Debug */,
				84CCF2202C4E73FF007415B7 /* Release */,
			);
			defaultConfigurationIsVisible = 0;
			defaultConfigurationName = Release;
		};
		84CCF2212C4E73FF007415B7 /* Build configuration list for PBXNativeTarget "TEST_APP" */ = {
			isa = XCConfigurationList;
			buildConfigurations = (
				84CCF2222C4E73FF007415B7 /* Debug */,
				84CCF2232C4E73FF007415B7 /* Release */,
			);
			defaultConfigurationIsVisible = 0;
			defaultConfigurationName = Release;
		};
/* End XCConfigurationList section */
	};
	rootObject = 84CCF2052C4E73FC007415B7 /* Project object */;
}
